
Microsoft Visual Studio Solution File, Format Version 12.00
# Visual Studio 15
VisualStudioVersion = 15.0.27703.2035
MinimumVisualStudioVersion = 10.0.40219.1
Project("{FAE04EC0-301F-11D3-BF4B-00C04F79EFBC}") = "Certificado", "Certificado\Certificado.csproj", "{D23D94C3-1E1A-44F1-AC6A-3CB530A782D8}"
EndProject
Global
	GlobalSection(SolutionConfigurationPlatforms) = preSolution
		Debug|Any CPU = Debug|Any CPU
		Release|Any CPU = Release|Any CPU
	EndGlobalSection
	GlobalSection(ProjectConfigurationPlatforms) = postSolution
		{D23D94C3-1E1A-44F1-AC6A-3CB530A782D8}.Debug|Any CPU.ActiveCfg = Debug|Any CPU
		{D23D94C3-1E1A-44F1-AC6A-3CB530A782D8}.Debug|Any CPU.Build.0 = Debug|Any CPU
		{D23D94C3-1E1A-44F1-AC6A-3CB530A782D8}.Release|Any CPU.ActiveCfg = Release|Any CPU
		{D23D94C3-1E1A-44F1-AC6A-3CB530A782D8}.Release|Any CPU.Build.0 = Release|Any CPU
	EndGlobalSection
	GlobalSection(SolutionProperties) = preSolution
		HideSolutionNode = FALSE
	EndGlobalSection
	GlobalSection(ExtensibilityGlobals) = postSolution
		SolutionGuid = {98C58DC3-D73B-4828-A2F9-A5B5D3DFA232}
	EndGlobalSection
EndGlobal
